// !$*UTF8*$!
{
	archiveVersion = 1;
	classes = {
	};
	objectVersion = 50;
	objects = {

/* Begin PBXBuildFile section */
		4A6B17D820905C3A00630F04 /* AppDelegate.m in Sources */ = {isa = PBXBuildFile; fileRef = 4A6B17D720905C3A00630F04 /* AppDelegate.m */; };
		4A6B17DB20905C3A00630F04 /* ViewController.m in Sources */ = {isa = PBXBuildFile; fileRef = 4A6B17DA20905C3A00630F04 /* ViewController.m */; };
		4A6B17DE20905C3A00630F04 /* Main.storyboard in Resources */ = {isa = PBXBuildFile; fileRef = 4A6B17DC20905C3A00630F04 /* Main.storyboard */; };
		4A6B17E020905C3C00630F04 /* Assets.xcassets in Resources */ = {isa = PBXBuildFile; fileRef = 4A6B17DF20905C3C00630F04 /* Assets.xcassets */; };
		4A6B17E320905C3C00630F04 /* LaunchScreen.storyboard in Resources */ = {isa = PBXBuildFile; fileRef = 4A6B17E120905C3C00630F04 /* LaunchScreen.storyboard */; };
		4A6B17E620905C3C00630F04 /* main.m in Sources */ = {isa = PBXBuildFile; fileRef = 4A6B17E520905C3C00630F04 /* main.m */; };
		4A6B17EF20905C7800630F04 /* NSObject+GZHObject.m in Sources */ = {isa = PBXBuildFile; fileRef = 4A6B17EE20905C7800630F04 /* NSObject+GZHObject.m */; };
/* End PBXBuildFile section */

/* Begin PBXFileReference section */
		4A6B17D320905C3A00630F04 /* GZHObjectDemo.app */ = {isa = PBXFileReference; explicitFileType = wrapper.application; includeInIndex = 0; path = GZHObjectDemo.app; sourceTree = BUILT_PRODUCTS_DIR; };
		4A6B17D620905C3A00630F04 /* AppDelegate.h */ = {isa = PBXFileReference; lastKnownFileType = sourcecode.c.h; path = AppDelegate.h; sourceTree = "<group>"; };
		4A6B17D720905C3A00630F04 /* AppDelegate.m */ = {isa = PBXFileReference; lastKnownFileType = sourcecode.c.objc; path = AppDelegate.m; sourceTree = "<group>"; };
		4A6B17D920905C3A00630F04 /* ViewController.h */ = {isa = PBXFileReference; lastKnownFileType = sourcecode.c.h; path = ViewController.h; sourceTree = "<group>"; };
		4A6B17DA20905C3A00630F04 /* ViewController.m */ = {isa = PBXFileReference; lastKnownFileType = sourcecode.c.objc; path = ViewController.m; sourceTree = "<group>"; };
		4A6B17DD20905C3A00630F04 /* Base */ = {isa = PBXFileReference; lastKnownFileType = file.storyboard; name = Base; path = Base.lproj/Main.storyboard; sourceTree = "<group>"; };
		4A6B17DF20905C3C00630F04 /* Assets.xcassets */ = {isa = PBXFileReference; lastKnownFileType = folder.assetcatalog; path = Assets.xcassets; sourceTree = "<group>"; };
		4A6B17E220905C3C00630F04 /* Base */ = {isa = PBXFileReference; lastKnownFileType = file.storyboard; name = Base; path = Base.lproj/LaunchScreen.storyboard; sourceTree = "<group>"; };
		4A6B17E420905C3C00630F04 /* Info.plist */ = {isa = PBXFileReference; lastKnownFileType = text.plist.xml; path = Info.plist; sourceTree = "<group>"; };
		4A6B17E520905C3C00630F04 /* main.m */ = {isa = PBXFileReference; lastKnownFileType = sourcecode.c.objc; path = main.m; sourceTree = "<group>"; };
		4A6B17ED20905C7800630F04 /* NSObject+GZHObject.h */ = {isa = PBXFileReference; fileEncoding = 4; lastKnownFileType = sourcecode.c.h; name = "NSObject+GZHObject.h"; path = "../../NSObject/NSObject+GZHObject.h"; sourceTree = "<group>"; };
		4A6B17EE20905C7800630F04 /* NSObject+GZHObject.m */ = {isa = PBXFileReference; fileEncoding = 4; lastKnownFileType = sourcecode.c.objc; name = "NSObject+GZHObject.m"; path = "../../NSObject/NSObject+GZHObject.m"; sourceTree = "<group>"; };
/* End PBXFileReference section */

/* Begin PBXFrameworksBuildPhase section */
		4A6B17D020905C3A00630F04 /* Frameworks */ = {
			isa = PBXFrameworksBuildPhase;
			buildActionMask = 2147483647;
			files = (
			);
			runOnlyForDeploymentPostprocessing = 0;
		};
/* End PBXFrameworksBuildPhase section */

/* Begin PBXGroup section */
		4A6B17CA20905C3A00630F04 = {
			isa = PBXGroup;
			children = (
				4A6B17D520905C3A00630F04 /* GZHObjectDemo */,
				4A6B17D420905C3A00630F04 /* Products */,
			);
			sourceTree = "<group>";
		};
		4A6B17D420905C3A00630F04 /* Products */ = {
			isa = PBXGroup;
			children = (
				4A6B17D320905C3A00630F04 /* GZHObjectDemo.app */,
			);
			name = Products;
			sourceTree = "<group>";
		};
		4A6B17D520905C3A00630F04 /* GZHObjectDemo */ = {
			isa = PBXGroup;
			children = (
				4A6B17EC20905C5500630F04 /* Category */,
				4A6B17D620905C3A00630F04 /* AppDelegate.h */,
				4A6B17D720905C3A00630F04 /* AppDelegate.m */,
				4A6B17D920905C3A00630F04 /* ViewController.h */,
				4A6B17DA20905C3A00630F04 /* ViewController.m */,
				4A6B17DC20905C3A00630F04 /* Main.storyboard */,
				4A6B17DF20905C3C00630F04 /* Assets.xcassets */,
				4A6B17E120905C3C00630F04 /* LaunchScreen.storyboard */,
				4A6B17E420905C3C00630F04 /* Info.plist */,
				4A6B17E520905C3C00630F04 /* main.m */,
			);
			path = GZHObjectDemo;
			sourceTree = "<group>";
		};
		4A6B17EC20905C5500630F04 /* Category */ = {
			isa = PBXGroup;
			children = (
				4A6B17ED20905C7800630F04 /* NSObject+GZHObject.h */,
				4A6B17EE20905C7800630F04 /* NSObject+GZHObject.m */,
			);
			name = Category;
			sourceTree = "<group>";
		};
/* End PBXGroup section */

/* Begin PBXNativeTarget section */
		4A6B17D220905C3A00630F04 /* GZHObjectDemo */ = {
			isa = PBXNativeTarget;
			buildConfigurationList = 4A6B17E920905C3C00630F04 /* Build configuration list for PBXNativeTarget "GZHObjectDemo" */;
			buildPhases = (
				4A6B17CF20905C3A00630F04 /* Sources */,
				4A6B17D020905C3A00630F04 /* Frameworks */,
				4A6B17D120905C3A00630F04 /* Resources */,
			);
			buildRules = (
			);
			dependencies = (
			);
			name = GZHObjectDemo;
			productName = GZHObjectDemo;
			productReference = 4A6B17D320905C3A00630F04 /* GZHObjectDemo.app */;
			productType = "com.apple.product-type.application";
		};
/* End PBXNativeTarget section */

/* Begin PBXProject section */
		4A6B17CB20905C3A00630F04 /* Project object */ = {
			isa = PBXProject;
			attributes = {
				LastUpgradeCheck = 0930;
				ORGANIZATIONNAME = gaizhi;
				TargetAttributes = {
					4A6B17D220905C3A00630F04 = {
						CreatedOnToolsVersion = 9.3;
					};
				};
			};
			buildConfigurationList = 4A6B17CE20905C3A00630F04 /* Build configuration list for PBXProject "GZHObjectDemo" */;
			compatibilityVersion = "Xcode 9.3";
			developmentRegion = en;
			hasScannedForEncodings = 0;
			knownRegions = (
				en,
				Base,
			);
			mainGroup = 4A6B17CA20905C3A00630F04;
			productRefGroup = 4A6B17D420905C3A00630F04 /* Products */;
			projectDirPath = "";
			projectRoot = "";
			targets = (
				4A6B17D220905C3A00630F04 /* GZHObjectDemo */,
			);
		};
/* End PBXProject section */

/* Begin PBXResourcesBuildPhase section */
		4A6B17D120905C3A00630F04 /* Resources */ = {
			isa = PBXResourcesBuildPhase;
			buildActionMask = 2147483647;
			files = (
				4A6B17E320905C3C00630F04 /* LaunchScreen.storyboard in Resources */,
				4A6B17E020905C3C00630F04 /* Assets.xcassets in Resources */,
				4A6B17DE20905C3A00630F04 /* Main.storyboard in Resources */,
			);
			runOnlyForDeploymentPostprocessing = 0;
		};
/* End PBXResourcesBuildPhase section */

/* Begin PBXSourcesBuildPhase section */
		4A6B17CF20905C3A00630F04 /* Sources */ = {
			isa = PBXSourcesBuildPhase;
			buildActionMask = 2147483647;
			files = (
				4A6B17DB20905C3A00630F04 /* ViewController.m in Sources */,
				4A6B17EF20905C7800630F04 /* NSObject+GZHObject.m in Sources */,
				4A6B17E620905C3C00630F04 /* main.m in Sources */,
				4A6B17D820905C3A00630F04 /* AppDelegate.m in Sources */,
			);
			runOnlyForDeploymentPostprocessing = 0;
		};
/* End PBXSourcesBuildPhase section */

/* Begin PBXVariantGroup section */
		4A6B17DC20905C3A00630F04 /* Main.storyboard */ = {
			isa = PBXVariantGroup;
			children = (
				4A6B17DD20905C3A00630F04 /* Base */,
			);
			name = Main.storyboard;
			sourceTree = "<group>";
		};
		4A6B17E120905C3C00630F04 /* LaunchScreen.storyboard */ = {
			isa = PBXVariantGroup;
			children = (
				4A6B17E220905C3C00630F04 /* Base */,
			);
			name = LaunchScreen.storyboard;
			sourceTree = "<group>";
		};
/* End PBXVariantGroup section */

/* Begin XCBuildConfiguration section */
		4A6B17E720905C3C00630F04 /* Debug */ = {
			isa = XCBuildConfiguration;
			buildSettings = {
				ALWAYS_SEARCH_USER_PATHS = NO;
				CLANG_ANALYZER_NONNULL = YES;
				CLANG_ANALYZER_NUMBER_OBJECT_CONVERSION = YES_AGGRESSIVE;
				CLANG_CXX_LANGUAGE_STANDARD = "gnu++14";
				CLANG_CXX_LIBRARY = "libc++";
				CLANG_ENABLE_MODULES = YES;
				CLANG_ENABLE_OBJC_ARC = YES;
				CLANG_ENABLE_OBJC_WEAK = YES;
				CLANG_WARN_BLOCK_CAPTURE_AUTORELEASING = YES;
				CLANG_WARN_BOOL_CONVERSION = YES;
				CLANG_WARN_COMMA = YES;
				CLANG_WARN_CONSTANT_CONVERSION = YES;
				CLANG_WARN_DEPRECATED_OBJC_IMPLEMENTATIONS = YES;
				CLANG_WARN_DIRECT_OBJC_ISA_USAGE = YES_ERROR;
				CLANG_WARN_DOCUMENTATION_COMMENTS = YES;
				CLANG_WARN_EMPTY_BODY = YES;
				CLANG_WARN_ENUM_CONVERSION = YES;
				CLANG_WARN_INFINITE_RECURSION = YES;
				CLANG_WARN_INT_CONVERSION = YES;
				CLANG_WARN_NON_LITERAL_NULL_CONVERSION = YES;
				CLANG_WARN_OBJC_IMPLICIT_RETAIN_SELF = YES;
				CLANG_WARN_OBJC_LITERAL_CONVERSION = YES;
				CLANG_WARN_OBJC_ROOT_CLASS = YES_ERROR;
				CLANG_WARN_RANGE_LOOP_ANALYSIS = YES;
				CLANG_WARN_STRICT_PROTOTYPES = YES;
				CLANG_WARN_SUSPICIOUS_MOVE = YES;
				CLANG_WARN_UNGUARDED_AVAILABILITY = YES_AGGRESSIVE;
				CLANG_WARN_UNREACHABLE_CODE = YES;
				CLANG_WARN__DUPLICATE_METHOD_MATCH = YES;
				CODE_SIGN_IDENTITY = "iPhone Developer";
				COPY_PHASE_STRIP = NO;
				DEBUG_INFORMATION_FORMAT = dwarf;
				ENABLE_STRICT_OBJC_MSGSEND = YES;
				ENABLE_TESTABILITY = YES;
				GCC_C_LANGUAGE_STANDARD = gnu11;
				GCC_DYNAMIC_NO_PIC = NO;
				GCC_NO_COMMON_BLOCKS = YES;
				GCC_OPTIMIZATION_LEVEL = 0;
				GCC_PREPROCESSOR_DEFINITIONS = (
					"DEBUG=1",
					"$(inherited)",
				);
				GCC_WARN_64_TO_32_BIT_CONVERSION = YES;
				GCC_WARN_ABOUT_RETURN_TYPE = YES_ERROR;
				GCC_WARN_UNDECLARED_SELECTOR = YES;
				GCC_WARN_UNINITIALIZED_AUTOS = YES_AGGRESSIVE;
				GCC_WARN_UNUSED_FUNCTION = YES;
				GCC_WARN_UNUSED_VARIABLE = YES;
				IPHONEOS_DEPLOYMENT_TARGET = 11.3;
				MTL_ENABLE_DEBUG_INFO = YES;
				ONLY_ACTIVE_ARCH = YES;
				SDKROOT = iphoneos;
			};
			name = Debug;
		};
		4A6B17E820905C3C00630F04 /* Release */ = {
			isa = XCBuildConfiguration;
			buildSettings = {
				ALWAYS_SEARCH_USER_PATHS = NO;
				CLANG_ANALYZER_NONNULL = YES;
				CLANG_ANALYZER_NUMBER_OBJECT_CONVERSION = YES_AGGRESSIVE;
				CLANG_CXX_LANGUAGE_STANDARD = "gnu++14";
				CLANG_CXX_LIBRARY = "libc++";
				CLANG_ENABLE_MODULES = YES;
				CLANG_ENABLE_OBJC_ARC = YES;
				CLANG_ENABLE_OBJC_WEAK = YES;
				CLANG_WARN_BLOCK_CAPTURE_AUTORELEASING = YES;
				CLANG_WARN_BOOL_CONVERSION = YES;
				CLANG_WARN_COMMA = YES;
				CLANG_WARN_CONSTANT_CONVERSION = YES;
				CLANG_WARN_DEPRECATED_OBJC_IMPLEMENTATIONS = YES;
				CLANG_WARN_DIRECT_OBJC_ISA_USAGE = YES_ERROR;
				CLANG_WARN_DOCUMENTATION_COMMENTS = YES;
				CLANG_WARN_EMPTY_BODY = YES;
				CLANG_WARN_ENUM_CONVERSION = YES;
				CLANG_WARN_INFINITE_RECURSION = YES;
				CLANG_WARN_INT_CONVERSION = YES;
				CLANG_WARN_NON_LITERAL_NULL_CONVERSION = YES;
				CLANG_WARN_OBJC_IMPLICIT_RETAIN_SELF = YES;
				CLANG_WARN_OBJC_LITERAL_CONVERSION = YES;
				CLANG_WARN_OBJC_ROOT_CLASS = YES_ERROR;
				CLANG_WARN_RANGE_LOOP_ANALYSIS = YES;
				CLANG_WARN_STRICT_PROTOTYPES = YES;
				CLANG_WARN_SUSPICIOUS_MOVE = YES;
				CLANG_WARN_UNGUARDED_AVAILABILITY = YES_AGGRESSIVE;
				CLANG_WARN_UNREACHABLE_CODE = YES;
				CLANG_WARN__DUPLICATE_METHOD_MATCH = YES;
				CODE_SIGN_IDENTITY = "iPhone Developer";
				COPY_PHASE_STRIP = NO;
				DEBUG_INFORMATION_FORMAT = "dwarf-with-dsym";
				ENABLE_NS_ASSERTIONS = NO;
				ENABLE_STRICT_OBJC_MSGSEND = YES;
				GCC_C_LANGUAGE_STANDARD = gnu11;
				GCC_NO_COMMON_BLOCKS = YES;
				GCC_WARN_64_TO_32_BIT_CONVERSION = YES;
				GCC_WARN_ABOUT_RETURN_TYPE = YES_ERROR;
				GCC_WARN_UNDECLARED_SELECTOR = YES;
				GCC_WARN_UNINITIALIZED_AUTOS = YES_AGGRESSIVE;
				GCC_WARN_UNUSED_FUNCTION = YES;
				GCC_WARN_UNUSED_VARIABLE = YES;
				IPHONEOS_DEPLOYMENT_TARGET = 11.3;
				MTL_ENABLE_DEBUG_INFO = NO;
				SDKROOT = iphoneos;
				VALIDATE_PRODUCT = YES;
			};
			name = Release;
		};
		4A6B17EA20905C3C00630F04 /* Debug */ = {
			isa = XCBuildConfiguration;
			buildSettings = {
				ASSETCATALOG_COMPILER_APPICON_NAME = AppIcon;
				CODE_SIGN_STYLE = Automatic;
				DEVELOPMENT_TEAM = X9UF9QF7W5;
				INFOPLIST_FILE = GZHObjectDemo/Info.plist;
				LD_RUNPATH_SEARCH_PATHS = (
					"$(inherited)",
					"@executable_path/Frameworks",
				);
				PRODUCT_BUNDLE_IDENTIFIER = com.legend.gaizhi.GZHObjectDemo;
				PRODUCT_NAME = "$(TARGET_NAME)";
				TARGETED_DEVICE_FAMILY = "1,2";
			};
			name = Debug;
		};
		4A6B17EB20905C3C00630F04 /* Release */ = {
			isa = XCBuildConfiguration;
			buildSettings = {
				ASSETCATALOG_COMPILER_APPICON_NAME = AppIcon;
				CODE_SIGN_STYLE = Automatic;
				DEVELOPMENT_TEAM = X9UF9QF7W5;
				INFOPLIST_FILE = GZHObjectDemo/Info.plist;
				LD_RUNPATH_SEARCH_PATHS = (
					"$(inherited)",
					"@executable_path/Frameworks",
				);
				PRODUCT_BUNDLE_IDENTIFIER = com.legend.gaizhi.GZHObjectDemo;
				PRODUCT_NAME = "$(TARGET_NAME)";
				TARGETED_DEVICE_FAMILY = "1,2";
			};
			name = Release;
		};
/* End XCBuildConfiguration section */

/* Begin XCConfigurationList section */
		4A6B17CE20905C3A00630F04 /* Build configuration list for PBXProject "GZHObjectDemo" */ = {
			isa = XCConfigurationList;
			buildConfigurations = (
				4A6B17E720905C3C00630F04 /* Debug */,
				4A6B17E820905C3C00630F04 /* Release */,
			);
			defaultConfigurationIsVisible = 0;
			defaultConfigurationName = Release;
		};
		4A6B17E920905C3C00630F04 /* Build configuration list for PBXNativeTarget "GZHObjectDemo" */ = {
			isa = XCConfigurationList;
			buildConfigurations = (
				4A6B17EA20905C3C00630F04 /* Debug */,
				4A6B17EB20905C3C00630F04 /* Release */,
			);
			defaultConfigurationIsVisible = 0;
			defaultConfigurationName = Release;
		};
/* End XCConfigurationList section */
	};
	rootObject = 4A6B17CB20905C3A00630F04 /* Project object */;
}
